
Microsoft Visual Studio Solution File, Format Version 12.00
# Visual Studio Version 17
VisualStudioVersion = 17.0.31903.59
MinimumVisualStudioVersion = 10.0.40219.1
Project("{2150E333-8FDC-42A3-9474-1A3956D46DE8}") = "src", "src", "{827E0CD3-B72D-47B6-A68D-7590B98EB39B}"
EndProject
Project("{FAE04EC0-301F-11D3-BF4B-00C04F79EFBC}") = "Purity.Analyzer.Attributes", "src\Purity.Analyzer.Attributes\Purity.Analyzer.Attributes.csproj", "{99C55921-92B8-4533-AC4D-606A830BAC11}"
EndProject
Project("{2150E333-8FDC-42A3-9474-1A3956D46DE8}") = "tests", "tests", "{0AB3BF05-4346-4AA6-1389-037BE0695223}"
EndProject
Project("{FAE04EC0-301F-11D3-BF4B-00C04F79EFBC}") = "Purity.Analyzer.Tests", "tests\Purity.Analyzer.Tests\Purity.Analyzer.Tests.csproj", "{A102E203-D28A-44D2-BB05-6FAE83C0B4CE}"
EndProject
Project("{2150E333-8FDC-42A3-9474-1A3956D46DE8}") = "Purity.Analyzer.Roslyn", "Purity.Analyzer.Roslyn", "{33503899-211D-7942-98F6-78B595C907B2}"
EndProject
Project("{FAE04EC0-301F-11D3-BF4B-00C04F79EFBC}") = "Purity.Analyzer", "src\Purity.Analyzer.Roslyn\Purity.Analyzer.csproj", "{3ED34FC5-BBE2-40A7-9758-9C76D5B6CF98}"
EndProject
Global
	GlobalSection(SolutionConfigurationPlatforms) = preSolution
		Debug|Any CPU = Debug|Any CPU
		Debug|x64 = Debug|x64
		Debug|x86 = Debug|x86
		Release|Any CPU = Release|Any CPU
		Release|x64 = Release|x64
		Release|x86 = Release|x86
	EndGlobalSection
	GlobalSection(ProjectConfigurationPlatforms) = postSolution
		{99C55921-92B8-4533-AC4D-606A830BAC11}.Debug|Any CPU.ActiveCfg = Debug|Any CPU
		{99C55921-92B8-4533-AC4D-606A830BAC11}.Debug|Any CPU.Build.0 = Debug|Any CPU
		{99C55921-92B8-4533-AC4D-606A830BAC11}.Debug|x64.ActiveCfg = Debug|Any CPU
		{99C55921-92B8-4533-AC4D-606A830BAC11}.Debug|x64.Build.0 = Debug|Any CPU
		{99C55921-92B8-4533-AC4D-606A830BAC11}.Debug|x86.ActiveCfg = Debug|Any CPU
		{99C55921-92B8-4533-AC4D-606A830BAC11}.Debug|x86.Build.0 = Debug|Any CPU
		{99C55921-92B8-4533-AC4D-606A830BAC11}.Release|Any CPU.ActiveCfg = Release|Any CPU
		{99C55921-92B8-4533-AC4D-606A830BAC11}.Release|Any CPU.Build.0 = Release|Any CPU
		{99C55921-92B8-4533-AC4D-606A830BAC11}.Release|x64.ActiveCfg = Release|Any CPU
		{99C55921-92B8-4533-AC4D-606A830BAC11}.Release|x64.Build.0 = Release|Any CPU
		{99C55921-92B8-4533-AC4D-606A830BAC11}.Release|x86.ActiveCfg = Release|Any CPU
		{99C55921-92B8-4533-AC4D-606A830BAC11}.Release|x86.Build.0 = Release|Any CPU
		{A102E203-D28A-44D2-BB05-6FAE83C0B4CE}.Debug|Any CPU.ActiveCfg = Debug|Any CPU
		{A102E203-D28A-44D2-BB05-6FAE83C0B4CE}.Debug|Any CPU.Build.0 = Debug|Any CPU
		{A102E203-D28A-44D2-BB05-6FAE83C0B4CE}.Debug|x64.ActiveCfg = Debug|Any CPU
		{A102E203-D28A-44D2-BB05-6FAE83C0B4CE}.Debug|x64.Build.0 = Debug|Any CPU
		{A102E203-D28A-44D2-BB05-6FAE83C0B4CE}.Debug|x86.ActiveCfg = Debug|Any CPU
		{A102E203-D28A-44D2-BB05-6FAE83C0B4CE}.Debug|x86.Build.0 = Debug|Any CPU
		{A102E203-D28A-44D2-BB05-6FAE83C0B4CE}.Release|Any CPU.ActiveCfg = Release|Any CPU
		{A102E203-D28A-44D2-BB05-6FAE83C0B4CE}.Release|Any CPU.Build.0 = Release|Any CPU
		{A102E203-D28A-44D2-BB05-6FAE83C0B4CE}.Release|x64.ActiveCfg = Release|Any CPU
		{A102E203-D28A-44D2-BB05-6FAE83C0B4CE}.Release|x64.Build.0 = Release|Any CPU
		{A102E203-D28A-44D2-BB05-6FAE83C0B4CE}.Release|x86.ActiveCfg = Release|Any CPU
		{A102E203-D28A-44D2-BB05-6FAE83C0B4CE}.Release|x86.Build.0 = Release|Any CPU
		{3ED34FC5-BBE2-40A7-9758-9C76D5B6CF98}.Debug|Any CPU.ActiveCfg = Debug|Any CPU
		{3ED34FC5-BBE2-40A7-9758-9C76D5B6CF98}.Debug|Any CPU.Build.0 = Debug|Any CPU
		{3ED34FC5-BBE2-40A7-9758-9C76D5B6CF98}.Debug|x64.ActiveCfg = Debug|Any CPU
		{3ED34FC5-BBE2-40A7-9758-9C76D5B6CF98}.Debug|x64.Build.0 = Debug|Any CPU
		{3ED34FC5-BBE2-40A7-9758-9C76D5B6CF98}.Debug|x86.ActiveCfg = Debug|Any CPU
		{3ED34FC5-BBE2-40A7-9758-9C76D5B6CF98}.Debug|x86.Build.0 = Debug|Any CPU
		{3ED34FC5-BBE2-40A7-9758-9C76D5B6CF98}.Release|Any CPU.ActiveCfg = Release|Any CPU
		{3ED34FC5-BBE2-40A7-9758-9C76D5B6CF98}.Release|Any CPU.Build.0 = Release|Any CPU
		{3ED34FC5-BBE2-40A7-9758-9C76D5B6CF98}.Release|x64.ActiveCfg = Release|Any CPU
		{3ED34FC5-BBE2-40A7-9758-9C76D5B6CF98}.Release|x64.Build.0 = Release|Any CPU
		{3ED34FC5-BBE2-40A7-9758-9C76D5B6CF98}.Release|x86.ActiveCfg = Release|Any CPU
		{3ED34FC5-BBE2-40A7-9758-9C76D5B6CF98}.Release|x86.Build.0 = Release|Any CPU
	EndGlobalSection
	GlobalSection(SolutionProperties) = preSolution
		HideSolutionNode = FALSE
	EndGlobalSection
	GlobalSection(NestedProjects) = preSolution
		{99C55921-92B8-4533-AC4D-606A830BAC11} = {827E0CD3-B72D-47B6-A68D-7590B98EB39B}
		{A102E203-D28A-44D2-BB05-6FAE83C0B4CE} = {0AB3BF05-4346-4AA6-1389-037BE0695223}
		{33503899-211D-7942-98F6-78B595C907B2} = {827E0CD3-B72D-47B6-A68D-7590B98EB39B}
		{3ED34FC5-BBE2-40A7-9758-9C76D5B6CF98} = {33503899-211D-7942-98F6-78B595C907B2}
	EndGlobalSection
EndGlobal
